// !$*UTF8*$!
{
	archiveVersion = 1;
	classes = {
	};
	objectVersion = 48;
	objects = {

/* Begin PBXBuildFile section */
		F5A2F7662058F26B001A1A42 /* AppDelegate.swift in Sources */ = {isa = PBXBuildFile; fileRef = F5A2F7652058F26B001A1A42 /* AppDelegate.swift */; };
		F5A2F7682058F26C001A1A42 /* ViewController.swift in Sources */ = {isa = PBXBuildFile; fileRef = F5A2F7672058F26C001A1A42 /* ViewController.swift */; };
		F5A2F76B2058F26C001A1A42 /* Main.storyboard in Resources */ = {isa = PBXBuildFile; fileRef = F5A2F7692058F26C001A1A42 /* Main.storyboard */; };
		F5A2F76D2058F26C001A1A42 /* Assets.xcassets in Resources */ = {isa = PBXBuildFile; fileRef = F5A2F76C2058F26C001A1A42 /* Assets.xcassets */; };
		F5A2F7702058F26C001A1A42 /* LaunchScreen.storyboard in Resources */ = {isa = PBXBuildFile; fileRef = F5A2F76E2058F26C001A1A42 /* LaunchScreen.storyboard */; };
/* End PBXBuildFile section */

/* Begin PBXFileReference section */
		F5A2F7622058F26B001A1A42 /* changecolor.app */ = {isa = PBXFileReference; explicitFileType = wrapper.application; includeInIndex = 0; path = changecolor.app; sourceTree = BUILT_PRODUCTS_DIR; };
		F5A2F7652058F26B001A1A42 /* AppDelegate.swift */ = {isa = PBXFileReference; lastKnownFileType = sourcecode.swift; path = AppDelegate.swift; sourceTree = "<group>"; };
		F5A2F7672058F26C001A1A42 /* ViewController.swift */ = {isa = PBXFileReference; lastKnownFileType = sourcecode.swift; path = ViewController.swift; sourceTree = "<group>"; };
		F5A2F76A2058F26C001A1A42 /* Base */ = {isa = PBXFileReference; lastKnownFileType = file.storyboard; name = Base; path = Base.lproj/Main.storyboard; sourceTree = "<group>"; };
		F5A2F76C2058F26C001A1A42 /* Assets.xcassets */ = {isa = PBXFileReference; lastKnownFileType = folder.assetcatalog; path = Assets.xcassets; sourceTree = "<group>"; };
		F5A2F76F2058F26C001A1A42 /* Base */ = {isa = PBXFileReference; lastKnownFileType = file.storyboard; name = Base; path = Base.lproj/LaunchScreen.storyboard; sourceTree = "<group>"; };
		F5A2F7712058F26C001A1A42 /* Info.plist */ = {isa = PBXFileReference; lastKnownFileType = text.plist.xml; path = Info.plist; sourceTree = "<group>"; };
/* End PBXFileReference section */

/* Begin PBXFrameworksBuildPhase section */
		F5A2F75F2058F26B001A1A42 /* Frameworks */ = {
			isa = PBXFrameworksBuildPhase;
			buildActionMask = 2147483647;
			files = (
			);
			runOnlyForDeploymentPostprocessing = 0;
		};
/* End PBXFrameworksBuildPhase section */

/* Begin PBXGroup section */
		F5A2F7592058F26B001A1A42 = {
			isa = PBXGroup;
			children = (
				F5A2F7642058F26B001A1A42 /* changecolor */,
				F5A2F7632058F26B001A1A42 /* Products */,
			);
			sourceTree = "<group>";
		};
		F5A2F7632058F26B001A1A42 /* Products */ = {
			isa = PBXGroup;
			children = (
				F5A2F7622058F26B001A1A42 /* changecolor.app */,
			);
			name = Products;
			sourceTree = "<group>";
		};
		F5A2F7642058F26B001A1A42 /* changecolor */ = {
			isa = PBXGroup;
			children = (
				F5A2F7652058F26B001A1A42 /* AppDelegate.swift */,
				F5A2F7672058F26C001A1A42 /* ViewController.swift */,
				F5A2F7692058F26C001A1A42 /* Main.storyboard */,
				F5A2F76C2058F26C001A1A42 /* Assets.xcassets */,
				F5A2F76E2058F26C001A1A42 /* LaunchScreen.storyboard */,
				F5A2F7712058F26C001A1A42 /* Info.plist */,
			);
			path = changecolor;
			sourceTree = "<group>";
		};
/* End PBXGroup section */

/* Begin PBXNativeTarget section */
		F5A2F7612058F26B001A1A42 /* changecolor */ = {
			isa = PBXNativeTarget;
			buildConfigurationList = F5A2F7742058F26C001A1A42 /* Build configuration list for PBXNativeTarget "changecolor" */;
			buildPhases = (
				F5A2F75E2058F26B001A1A42 /* Sources */,
				F5A2F75F2058F26B001A1A42 /* Frameworks */,
				F5A2F7602058F26B001A1A42 /* Resources */,
			);
			buildRules = (
			);
			dependencies = (
			);
			name = changecolor;
			productName = changecolor;
			productReference = F5A2F7622058F26B001A1A42 /* changecolor.app */;
			productType = "com.apple.product-type.application";
		};
/* End PBXNativeTarget section */

/* Begin PBXProject section */
		F5A2F75A2058F26B001A1A42 /* Project object */ = {
			isa = PBXProject;
			attributes = {
				LastSwiftUpdateCheck = 0920;
				LastUpgradeCheck = 0920;
				ORGANIZATIONNAME = D7703_27;
				TargetAttributes = {
					F5A2F7612058F26B001A1A42 = {
						CreatedOnToolsVersion = 9.2;
						ProvisioningStyle = Automatic;
					};
				};
			};
			buildConfigurationList = F5A2F75D2058F26B001A1A42 /* Build configuration list for PBXProject "changecolor" */;
			compatibilityVersion = "Xcode 8.0";
			developmentRegion = en;
			hasScannedForEncodings = 0;
			knownRegions = (
				en,
				Base,
			);
			mainGroup = F5A2F7592058F26B001A1A42;
			productRefGroup = F5A2F7632058F26B001A1A42 /* Products */;
			projectDirPath = "";
			projectRoot = "";
			targets = (
				F5A2F7612058F26B001A1A42 /* changecolor */,
			);
		};
/* End PBXProject section */

/* Begin PBXResourcesBuildPhase section */
		F5A2F7602058F26B001A1A42 /* Resources */ = {
			isa = PBXResourcesBuildPhase;
			buildActionMask = 2147483647;
			files = (
				F5A2F7702058F26C001A1A42 /* LaunchScreen.storyboard in Resources */,
				F5A2F76D2058F26C001A1A42 /* Assets.xcassets in Resources */,
				F5A2F76B2058F26C001A1A42 /* Main.storyboard in Resources */,
			);
			runOnlyForDeploymentPostprocessing = 0;
		};
/* End PBXResourcesBuildPhase section */

/* Begin PBXSourcesBuildPhase section */
		F5A2F75E2058F26B001A1A42 /* Sources */ = {
			isa = PBXSourcesBuildPhase;
			buildActionMask = 2147483647;
			files = (
				F5A2F7682058F26C001A1A42 /* ViewController.swift in Sources */,
				F5A2F7662058F26B001A1A42 /* AppDelegate.swift in Sources */,
			);
			runOnlyForDeploymentPostprocessing = 0;
		};
/* End PBXSourcesBuildPhase section */

/* Begin PBXVariantGroup section */
		F5A2F7692058F26C001A1A42 /* Main.storyboard */ = {
			isa = PBXVariantGroup;
			children = (
				F5A2F76A2058F26C001A1A42 /* Base */,
			);
			name = Main.storyboard;
			sourceTree = "<group>";
		};
		F5A2F76E2058F26C001A1A42 /* LaunchScreen.storyboard */ = {
			isa = PBXVariantGroup;
			children = (
				F5A2F76F2058F26C001A1A42 /* Base */,
			);
			name = LaunchScreen.storyboard;
			sourceTree = "<group>";
		};
/* End PBXVariantGroup section */

/* Begin XCBuildConfiguration section */
		F5A2F7722058F26C001A1A42 /* Debug */ = {
			isa = XCBuildConfiguration;
			buildSettings = {
				ALWAYS_SEARCH_USER_PATHS = NO;
				CLANG_ANALYZER_NONNULL = YES;
				CLANG_ANALYZER_NUMBER_OBJECT_CONVERSION = YES_AGGRESSIVE;
				CLANG_CXX_LANGUAGE_STANDARD = "gnu++14";
				CLANG_CXX_LIBRARY = "libc++";
				CLANG_ENABLE_MODULES = YES;
				CLANG_ENABLE_OBJC_ARC = YES;
				CLANG_WARN_BLOCK_CAPTURE_AUTORELEASING = YES;
				CLANG_WARN_BOOL_CONVERSION = YES;
				CLANG_WARN_COMMA = YES;
				CLANG_WARN_CONSTANT_CONVERSION = YES;
				CLANG_WARN_DIRECT_OBJC_ISA_USAGE = YES_ERROR;
				CLANG_WARN_DOCUMENTATION_COMMENTS = YES;
				CLANG_WARN_EMPTY_BODY = YES;
				CLANG_WARN_ENUM_CONVERSION = YES;
				CLANG_WARN_INFINITE_RECURSION = YES;
				CLANG_WARN_INT_CONVERSION = YES;
				CLANG_WARN_NON_LITERAL_NULL_CONVERSION = YES;
				CLANG_WARN_OBJC_LITERAL_CONVERSION = YES;
				CLANG_WARN_OBJC_ROOT_CLASS = YES_ERROR;
				CLANG_WARN_RANGE_LOOP_ANALYSIS = YES;
				CLANG_WARN_STRICT_PROTOTYPES = YES;
				CLANG_WARN_SUSPICIOUS_MOVE = YES;
				CLANG_WARN_UNGUARDED_AVAILABILITY = YES_AGGRESSIVE;
				CLANG_WARN_UNREACHABLE_CODE = YES;
				CLANG_WARN__DUPLICATE_METHOD_MATCH = YES;
				CODE_SIGN_IDENTITY = "iPhone Developer";
				COPY_PHASE_STRIP = NO;
				DEBUG_INFORMATION_FORMAT = dwarf;
				ENABLE_STRICT_OBJC_MSGSEND = YES;
				ENABLE_TESTABILITY = YES;
				GCC_C_LANGUAGE_STANDARD = gnu11;
				GCC_DYNAMIC_NO_PIC = NO;
				GCC_NO_COMMON_BLOCKS = YES;
				GCC_OPTIMIZATION_LEVEL = 0;
				GCC_PREPROCESSOR_DEFINITIONS = (
					"DEBUG=1",
					"$(inherited)",
				);
				GCC_WARN_64_TO_32_BIT_CONVERSION = YES;
				GCC_WARN_ABOUT_RETURN_TYPE = YES_ERROR;
				GCC_WARN_UNDECLARED_SELECTOR = YES;
				GCC_WARN_UNINITIALIZED_AUTOS = YES_AGGRESSIVE;
				GCC_WARN_UNUSED_FUNCTION = YES;
				GCC_WARN_UNUSED_VARIABLE = YES;
				IPHONEOS_DEPLOYMENT_TARGET = 11.2;
				MTL_ENABLE_DEBUG_INFO = YES;
				ONLY_ACTIVE_ARCH = YES;
				SDKROOT = iphoneos;
				SWIFT_ACTIVE_COMPILATION_CONDITIONS = DEBUG;
				SWIFT_OPTIMIZATION_LEVEL = "-Onone";
			};
			name = Debug;
		};
		F5A2F7732058F26C001A1A42 /* Release */ = {
			isa = XCBuildConfiguration;
			buildSettings = {
				ALWAYS_SEARCH_USER_PATHS = NO;
				CLANG_ANALYZER_NONNULL = YES;
				CLANG_ANALYZER_NUMBER_OBJECT_CONVERSION = YES_AGGRESSIVE;
				CLANG_CXX_LANGUAGE_STANDARD = "gnu++14";
				CLANG_CXX_LIBRARY = "libc++";
				CLANG_ENABLE_MODULES = YES;
				CLANG_ENABLE_OBJC_ARC = YES;
				CLANG_WARN_BLOCK_CAPTURE_AUTORELEASING = YES;
				CLANG_WARN_BOOL_CONVERSION = YES;
				CLANG_WARN_COMMA = YES;
				CLANG_WARN_CONSTANT_CONVERSION = YES;
				CLANG_WARN_DIRECT_OBJC_ISA_USAGE = YES_ERROR;
				CLANG_WARN_DOCUMENTATION_COMMENTS = YES;
				CLANG_WARN_EMPTY_BODY = YES;
				CLANG_WARN_ENUM_CONVERSION = YES;
				CLANG_WARN_INFINITE_RECURSION = YES;
				CLANG_WARN_INT_CONVERSION = YES;
				CLANG_WARN_NON_LITERAL_NULL_CONVERSION = YES;
				CLANG_WARN_OBJC_LITERAL_CONVERSION = YES;
				CLANG_WARN_OBJC_ROOT_CLASS = YES_ERROR;
				CLANG_WARN_RANGE_LOOP_ANALYSIS = YES;
				CLANG_WARN_STRICT_PROTOTYPES = YES;
				CLANG_WARN_SUSPICIOUS_MOVE = YES;
				CLANG_WARN_UNGUARDED_AVAILABILITY = YES_AGGRESSIVE;
				CLANG_WARN_UNREACHABLE_CODE = YES;
				CLANG_WARN__DUPLICATE_METHOD_MATCH = YES;
				CODE_SIGN_IDENTITY = "iPhone Developer";
				COPY_PHASE_STRIP = NO;
				DEBUG_INFORMATION_FORMAT = "dwarf-with-dsym";
				ENABLE_NS_ASSERTIONS = NO;
				ENABLE_STRICT_OBJC_MSGSEND = YES;
				GCC_C_LANGUAGE_STANDARD = gnu11;
				GCC_NO_COMMON_BLOCKS = YES;
				GCC_WARN_64_TO_32_BIT_CONVERSION = YES;
				GCC_WARN_ABOUT_RETURN_TYPE = YES_ERROR;
				GCC_WARN_UNDECLARED_SELECTOR = YES;
				GCC_WARN_UNINITIALIZED_AUTOS = YES_AGGRESSIVE;
				GCC_WARN_UNUSED_FUNCTION = YES;
				GCC_WARN_UNUSED_VARIABLE = YES;
				IPHONEOS_DEPLOYMENT_TARGET = 11.2;
				MTL_ENABLE_DEBUG_INFO = NO;
				SDKROOT = iphoneos;
				SWIFT_OPTIMIZATION_LEVEL = "-Owholemodule";
				VALIDATE_PRODUCT = YES;
			};
			name = Release;
		};
		F5A2F7752058F26C001A1A42 /* Debug */ = {
			isa = XCBuildConfiguration;
			buildSettings = {
				ASSETCATALOG_COMPILER_APPICON_NAME = AppIcon;
				CODE_SIGN_STYLE = Automatic;
				INFOPLIST_FILE = changecolor/Info.plist;
				LD_RUNPATH_SEARCH_PATHS = "$(inherited) @executable_path/Frameworks";
				PRODUCT_BUNDLE_IDENTIFIER = "-01750942.changecolor";
				PRODUCT_NAME = "$(TARGET_NAME)";
				SWIFT_VERSION = 4.0;
				TARGETED_DEVICE_FAMILY = "1,2";
			};
			name = Debug;
		};
		F5A2F7762058F26C001A1A42 /* Release */ = {
			isa = XCBuildConfiguration;
			buildSettings = {
				ASSETCATALOG_COMPILER_APPICON_NAME = AppIcon;
				CODE_SIGN_STYLE = Automatic;
				INFOPLIST_FILE = changecolor/Info.plist;
				LD_RUNPATH_SEARCH_PATHS = "$(inherited) @executable_path/Frameworks";
				PRODUCT_BUNDLE_IDENTIFIER = "-01750942.changecolor";
				PRODUCT_NAME = "$(TARGET_NAME)";
				SWIFT_VERSION = 4.0;
				TARGETED_DEVICE_FAMILY = "1,2";
			};
			name = Release;
		};
/* End XCBuildConfiguration section */

/* Begin XCConfigurationList section */
		F5A2F75D2058F26B001A1A42 /* Build configuration list for PBXProject "changecolor" */ = {
			isa = XCConfigurationList;
			buildConfigurations = (
				F5A2F7722058F26C001A1A42 /* Debug */,
				F5A2F7732058F26C001A1A42 /* Release */,
			);
			defaultConfigurationIsVisible = 0;
			defaultConfigurationName = Release;
		};
		F5A2F7742058F26C001A1A42 /* Build configuration list for PBXNativeTarget "changecolor" */ = {
			isa = XCConfigurationList;
			buildConfigurations = (
				F5A2F7752058F26C001A1A42 /* Debug */,
				F5A2F7762058F26C001A1A42 /* Release */,
			);
			defaultConfigurationIsVisible = 0;
			defaultConfigurationName = Release;
		};
/* End XCConfigurationList section */
	};
	rootObject = F5A2F75A2058F26B001A1A42 /* Project object */;
}
